
Microsoft Visual Studio Solution File, Format Version 11.00
# Visual Studio 2010
Project("{FAE04EC0-301F-11D3-BF4B-00C04F79EFBC}") = "web_app", "web-app\web_app.csproj", "{CC6F35DD-FA26-445D-8FDF-2DBD89838EAC}"
	ProjectSection(ProjectDependencies) = postProject
		{9DE0ABC9-9737-4B08-88B9-2335A8347B5E} = {9DE0ABC9-9737-4B08-88B9-2335A8347B5E}
	EndProjectSection
EndProject
Project("{FAE04EC0-301F-11D3-BF4B-00C04F79EFBC}") = "win_sv_app", "win-sv-app\win_sv_app.csproj", "{C2BA114F-1FE1-4907-ADDF-97D974155472}"
	ProjectSection(ProjectDependencies) = postProject
		{9DE0ABC9-9737-4B08-88B9-2335A8347B5E} = {9DE0ABC9-9737-4B08-88B9-2335A8347B5E}
	EndProjectSection
EndProject
Project("{FAE04EC0-301F-11D3-BF4B-00C04F79EFBC}") = "core_lib", "core-lib\core_lib.csproj", "{8A7BE124-AB4D-42F0-B4F8-62A5B85CE15D}"
EndProject
Project("{FAE04EC0-301F-11D3-BF4B-00C04F79EFBC}") = "reportutil", "reportutil\reportutil.csproj", "{5BDF984B-9487-488D-B419-F0CF8F19DFE1}"
EndProject
Project("{FAE04EC0-301F-11D3-BF4B-00C04F79EFBC}") = "ExcelLibrary", "ExcelLibrary\ExcelLibrary.csproj", "{0716F257-72DD-41EF-8E79-54BA388E3AB1}"
EndProject
Project("{FAE04EC0-301F-11D3-BF4B-00C04F79EFBC}") = "ws_server", "ws-server\ws_server.csproj", "{9DE0ABC9-9737-4B08-88B9-2335A8347B5E}"
EndProject
Project("{FAE04EC0-301F-11D3-BF4B-00C04F79EFBC}") = "test_ws_server", "test-ws-server\test_ws_server.csproj", "{F142A420-E1AE-41AD-8146-3A8E247A8F3E}"
	ProjectSection(ProjectDependencies) = postProject
		{9DE0ABC9-9737-4B08-88B9-2335A8347B5E} = {9DE0ABC9-9737-4B08-88B9-2335A8347B5E}
	EndProjectSection
EndProject
Project("{FAE04EC0-301F-11D3-BF4B-00C04F79EFBC}") = "domain_lib", "domain_lib\domain_lib.csproj", "{4965CB44-7651-4EF2-B0EB-DF17D8397D78}"
EndProject
Project("{FAE04EC0-301F-11D3-BF4B-00C04F79EFBC}") = "test_domain_lib", "test_domain_lib\test_domain_lib.csproj", "{9C5E82E0-CD2D-4375-8AC9-075B7094D21B}"
EndProject
Global
	GlobalSection(SolutionConfigurationPlatforms) = preSolution
		Debug|Any CPU = Debug|Any CPU
		Debug|Mixed Platforms = Debug|Mixed Platforms
		Debug|x86 = Debug|x86
		Release|Any CPU = Release|Any CPU
		Release|Mixed Platforms = Release|Mixed Platforms
		Release|x86 = Release|x86
	EndGlobalSection
	GlobalSection(ProjectConfigurationPlatforms) = postSolution
		{CC6F35DD-FA26-445D-8FDF-2DBD89838EAC}.Debug|Any CPU.ActiveCfg = Debug|Any CPU
		{CC6F35DD-FA26-445D-8FDF-2DBD89838EAC}.Debug|Any CPU.Build.0 = Debug|Any CPU
		{CC6F35DD-FA26-445D-8FDF-2DBD89838EAC}.Debug|Mixed Platforms.ActiveCfg = Debug|Any CPU
		{CC6F35DD-FA26-445D-8FDF-2DBD89838EAC}.Debug|Mixed Platforms.Build.0 = Debug|Any CPU
		{CC6F35DD-FA26-445D-8FDF-2DBD89838EAC}.Debug|x86.ActiveCfg = Debug|Any CPU
		{CC6F35DD-FA26-445D-8FDF-2DBD89838EAC}.Release|Any CPU.ActiveCfg = Release|Any CPU
		{CC6F35DD-FA26-445D-8FDF-2DBD89838EAC}.Release|Any CPU.Build.0 = Release|Any CPU
		{CC6F35DD-FA26-445D-8FDF-2DBD89838EAC}.Release|Mixed Platforms.ActiveCfg = Release|Any CPU
		{CC6F35DD-FA26-445D-8FDF-2DBD89838EAC}.Release|Mixed Platforms.Build.0 = Release|Any CPU
		{CC6F35DD-FA26-445D-8FDF-2DBD89838EAC}.Release|x86.ActiveCfg = Release|Any CPU
		{C2BA114F-1FE1-4907-ADDF-97D974155472}.Debug|Any CPU.ActiveCfg = Debug|x86
		{C2BA114F-1FE1-4907-ADDF-97D974155472}.Debug|Mixed Platforms.ActiveCfg = Debug|x86
		{C2BA114F-1FE1-4907-ADDF-97D974155472}.Debug|Mixed Platforms.Build.0 = Debug|x86
		{C2BA114F-1FE1-4907-ADDF-97D974155472}.Debug|x86.ActiveCfg = Debug|x86
		{C2BA114F-1FE1-4907-ADDF-97D974155472}.Debug|x86.Build.0 = Debug|x86
		{C2BA114F-1FE1-4907-ADDF-97D974155472}.Release|Any CPU.ActiveCfg = Release|x86
		{C2BA114F-1FE1-4907-ADDF-97D974155472}.Release|Mixed Platforms.ActiveCfg = Release|x86
		{C2BA114F-1FE1-4907-ADDF-97D974155472}.Release|Mixed Platforms.Build.0 = Release|x86
		{C2BA114F-1FE1-4907-ADDF-97D974155472}.Release|x86.ActiveCfg = Release|x86
		{C2BA114F-1FE1-4907-ADDF-97D974155472}.Release|x86.Build.0 = Release|x86
		{8A7BE124-AB4D-42F0-B4F8-62A5B85CE15D}.Debug|Any CPU.ActiveCfg = Debug|Any CPU
		{8A7BE124-AB4D-42F0-B4F8-62A5B85CE15D}.Debug|Any CPU.Build.0 = Debug|Any CPU
		{8A7BE124-AB4D-42F0-B4F8-62A5B85CE15D}.Debug|Mixed Platforms.ActiveCfg = Debug|Any CPU
		{8A7BE124-AB4D-42F0-B4F8-62A5B85CE15D}.Debug|Mixed Platforms.Build.0 = Debug|Any CPU
		{8A7BE124-AB4D-42F0-B4F8-62A5B85CE15D}.Debug|x86.ActiveCfg = Debug|Any CPU
		{8A7BE124-AB4D-42F0-B4F8-62A5B85CE15D}.Release|Any CPU.ActiveCfg = Release|Any CPU
		{8A7BE124-AB4D-42F0-B4F8-62A5B85CE15D}.Release|Any CPU.Build.0 = Release|Any CPU
		{8A7BE124-AB4D-42F0-B4F8-62A5B85CE15D}.Release|Mixed Platforms.ActiveCfg = Release|Any CPU
		{8A7BE124-AB4D-42F0-B4F8-62A5B85CE15D}.Release|Mixed Platforms.Build.0 = Release|Any CPU
		{8A7BE124-AB4D-42F0-B4F8-62A5B85CE15D}.Release|x86.ActiveCfg = Release|Any CPU
		{5BDF984B-9487-488D-B419-F0CF8F19DFE1}.Debug|Any CPU.ActiveCfg = Debug|Any CPU
		{5BDF984B-9487-488D-B419-F0CF8F19DFE1}.Debug|Any CPU.Build.0 = Debug|Any CPU
		{5BDF984B-9487-488D-B419-F0CF8F19DFE1}.Debug|Mixed Platforms.ActiveCfg = Debug|Any CPU
		{5BDF984B-9487-488D-B419-F0CF8F19DFE1}.Debug|Mixed Platforms.Build.0 = Debug|Any CPU
		{5BDF984B-9487-488D-B419-F0CF8F19DFE1}.Debug|x86.ActiveCfg = Debug|Any CPU
		{5BDF984B-9487-488D-B419-F0CF8F19DFE1}.Release|Any CPU.ActiveCfg = Release|Any CPU
		{5BDF984B-9487-488D-B419-F0CF8F19DFE1}.Release|Any CPU.Build.0 = Release|Any CPU
		{5BDF984B-9487-488D-B419-F0CF8F19DFE1}.Release|Mixed Platforms.ActiveCfg = Release|Any CPU
		{5BDF984B-9487-488D-B419-F0CF8F19DFE1}.Release|Mixed Platforms.Build.0 = Release|Any CPU
		{5BDF984B-9487-488D-B419-F0CF8F19DFE1}.Release|x86.ActiveCfg = Release|Any CPU
		{0716F257-72DD-41EF-8E79-54BA388E3AB1}.Debug|Any CPU.ActiveCfg = Debug|Any CPU
		{0716F257-72DD-41EF-8E79-54BA388E3AB1}.Debug|Any CPU.Build.0 = Debug|Any CPU
		{0716F257-72DD-41EF-8E79-54BA388E3AB1}.Debug|Mixed Platforms.ActiveCfg = Debug|Any CPU
		{0716F257-72DD-41EF-8E79-54BA388E3AB1}.Debug|Mixed Platforms.Build.0 = Debug|Any CPU
		{0716F257-72DD-41EF-8E79-54BA388E3AB1}.Debug|x86.ActiveCfg = Debug|Any CPU
		{0716F257-72DD-41EF-8E79-54BA388E3AB1}.Release|Any CPU.ActiveCfg = Release|Any CPU
		{0716F257-72DD-41EF-8E79-54BA388E3AB1}.Release|Any CPU.Build.0 = Release|Any CPU
		{0716F257-72DD-41EF-8E79-54BA388E3AB1}.Release|Mixed Platforms.ActiveCfg = Release|Any CPU
		{0716F257-72DD-41EF-8E79-54BA388E3AB1}.Release|Mixed Platforms.Build.0 = Release|Any CPU
		{0716F257-72DD-41EF-8E79-54BA388E3AB1}.Release|x86.ActiveCfg = Release|Any CPU
		{9DE0ABC9-9737-4B08-88B9-2335A8347B5E}.Debug|Any CPU.ActiveCfg = Debug|Any CPU
		{9DE0ABC9-9737-4B08-88B9-2335A8347B5E}.Debug|Any CPU.Build.0 = Debug|Any CPU
		{9DE0ABC9-9737-4B08-88B9-2335A8347B5E}.Debug|Mixed Platforms.ActiveCfg = Debug|Any CPU
		{9DE0ABC9-9737-4B08-88B9-2335A8347B5E}.Debug|Mixed Platforms.Build.0 = Debug|Any CPU
		{9DE0ABC9-9737-4B08-88B9-2335A8347B5E}.Debug|x86.ActiveCfg = Debug|Any CPU
		{9DE0ABC9-9737-4B08-88B9-2335A8347B5E}.Release|Any CPU.ActiveCfg = Release|Any CPU
		{9DE0ABC9-9737-4B08-88B9-2335A8347B5E}.Release|Any CPU.Build.0 = Release|Any CPU
		{9DE0ABC9-9737-4B08-88B9-2335A8347B5E}.Release|Mixed Platforms.ActiveCfg = Release|Any CPU
		{9DE0ABC9-9737-4B08-88B9-2335A8347B5E}.Release|Mixed Platforms.Build.0 = Release|Any CPU
		{9DE0ABC9-9737-4B08-88B9-2335A8347B5E}.Release|x86.ActiveCfg = Release|Any CPU
		{F142A420-E1AE-41AD-8146-3A8E247A8F3E}.Debug|Any CPU.ActiveCfg = Debug|x86
		{F142A420-E1AE-41AD-8146-3A8E247A8F3E}.Debug|Mixed Platforms.ActiveCfg = Debug|x86
		{F142A420-E1AE-41AD-8146-3A8E247A8F3E}.Debug|Mixed Platforms.Build.0 = Debug|x86
		{F142A420-E1AE-41AD-8146-3A8E247A8F3E}.Debug|x86.ActiveCfg = Debug|x86
		{F142A420-E1AE-41AD-8146-3A8E247A8F3E}.Debug|x86.Build.0 = Debug|x86
		{F142A420-E1AE-41AD-8146-3A8E247A8F3E}.Release|Any CPU.ActiveCfg = Release|x86
		{F142A420-E1AE-41AD-8146-3A8E247A8F3E}.Release|Mixed Platforms.ActiveCfg = Release|x86
		{F142A420-E1AE-41AD-8146-3A8E247A8F3E}.Release|Mixed Platforms.Build.0 = Release|x86
		{F142A420-E1AE-41AD-8146-3A8E247A8F3E}.Release|x86.ActiveCfg = Release|x86
		{F142A420-E1AE-41AD-8146-3A8E247A8F3E}.Release|x86.Build.0 = Release|x86
		{4965CB44-7651-4EF2-B0EB-DF17D8397D78}.Debug|Any CPU.ActiveCfg = Debug|Any CPU
		{4965CB44-7651-4EF2-B0EB-DF17D8397D78}.Debug|Any CPU.Build.0 = Debug|Any CPU
		{4965CB44-7651-4EF2-B0EB-DF17D8397D78}.Debug|Mixed Platforms.ActiveCfg = Debug|Any CPU
		{4965CB44-7651-4EF2-B0EB-DF17D8397D78}.Debug|Mixed Platforms.Build.0 = Debug|Any CPU
		{4965CB44-7651-4EF2-B0EB-DF17D8397D78}.Debug|x86.ActiveCfg = Debug|Any CPU
		{4965CB44-7651-4EF2-B0EB-DF17D8397D78}.Release|Any CPU.ActiveCfg = Release|Any CPU
		{4965CB44-7651-4EF2-B0EB-DF17D8397D78}.Release|Any CPU.Build.0 = Release|Any CPU
		{4965CB44-7651-4EF2-B0EB-DF17D8397D78}.Release|Mixed Platforms.ActiveCfg = Release|Any CPU
		{4965CB44-7651-4EF2-B0EB-DF17D8397D78}.Release|Mixed Platforms.Build.0 = Release|Any CPU
		{4965CB44-7651-4EF2-B0EB-DF17D8397D78}.Release|x86.ActiveCfg = Release|Any CPU
		{9C5E82E0-CD2D-4375-8AC9-075B7094D21B}.Debug|Any CPU.ActiveCfg = Debug|x86
		{9C5E82E0-CD2D-4375-8AC9-075B7094D21B}.Debug|Mixed Platforms.ActiveCfg = Debug|x86
		{9C5E82E0-CD2D-4375-8AC9-075B7094D21B}.Debug|Mixed Platforms.Build.0 = Debug|x86
		{9C5E82E0-CD2D-4375-8AC9-075B7094D21B}.Debug|x86.ActiveCfg = Debug|x86
		{9C5E82E0-CD2D-4375-8AC9-075B7094D21B}.Debug|x86.Build.0 = Debug|x86
		{9C5E82E0-CD2D-4375-8AC9-075B7094D21B}.Release|Any CPU.ActiveCfg = Release|x86
		{9C5E82E0-CD2D-4375-8AC9-075B7094D21B}.Release|Mixed Platforms.ActiveCfg = Release|x86
		{9C5E82E0-CD2D-4375-8AC9-075B7094D21B}.Release|Mixed Platforms.Build.0 = Release|x86
		{9C5E82E0-CD2D-4375-8AC9-075B7094D21B}.Release|x86.ActiveCfg = Release|x86
		{9C5E82E0-CD2D-4375-8AC9-075B7094D21B}.Release|x86.Build.0 = Release|x86
	EndGlobalSection
	GlobalSection(SolutionProperties) = preSolution
		HideSolutionNode = FALSE
	EndGlobalSection
EndGlobal
