
Microsoft Visual Studio Solution File, Format Version 11.00
# Visual Studio 2010
Project("{FAE04EC0-301F-11D3-BF4B-00C04F79EFBC}") = "web_app", "web-app\web_app.csproj", "{CC6F35DD-FA26-445D-8FDF-2DBD89838EAC}"
	ProjectSection(ProjectDependencies) = postProject
		{9DE0ABC9-9737-4B08-88B9-2335A8347B5E} = {9DE0ABC9-9737-4B08-88B9-2335A8347B5E}
	EndProjectSection
EndProject
Project("{FAE04EC0-301F-11D3-BF4B-00C04F79EFBC}") = "ws_server", "ws-server\ws_server.csproj", "{9DE0ABC9-9737-4B08-88B9-2335A8347B5E}"
EndProject
Project("{FAE04EC0-301F-11D3-BF4B-00C04F79EFBC}") = "win_sv_app", "win-sv-app\win_sv_app.csproj", "{673F41CB-03E4-4C43-AD5D-D976D58485CF}"
EndProject
Global
	GlobalSection(SolutionConfigurationPlatforms) = preSolution
		Debug|Any CPU = Debug|Any CPU
		Debug|Mixed Platforms = Debug|Mixed Platforms
		Debug|x86 = Debug|x86
		Release|Any CPU = Release|Any CPU
		Release|Mixed Platforms = Release|Mixed Platforms
		Release|x86 = Release|x86
	EndGlobalSection
	GlobalSection(ProjectConfigurationPlatforms) = postSolution
		{CC6F35DD-FA26-445D-8FDF-2DBD89838EAC}.Debug|Any CPU.ActiveCfg = Debug|Any CPU
		{CC6F35DD-FA26-445D-8FDF-2DBD89838EAC}.Debug|Any CPU.Build.0 = Debug|Any CPU
		{CC6F35DD-FA26-445D-8FDF-2DBD89838EAC}.Debug|Mixed Platforms.ActiveCfg = Debug|Any CPU
		{CC6F35DD-FA26-445D-8FDF-2DBD89838EAC}.Debug|Mixed Platforms.Build.0 = Debug|Any CPU
		{CC6F35DD-FA26-445D-8FDF-2DBD89838EAC}.Debug|x86.ActiveCfg = Debug|Any CPU
		{CC6F35DD-FA26-445D-8FDF-2DBD89838EAC}.Release|Any CPU.ActiveCfg = Release|Any CPU
		{CC6F35DD-FA26-445D-8FDF-2DBD89838EAC}.Release|Any CPU.Build.0 = Release|Any CPU
		{CC6F35DD-FA26-445D-8FDF-2DBD89838EAC}.Release|Mixed Platforms.ActiveCfg = Release|Any CPU
		{CC6F35DD-FA26-445D-8FDF-2DBD89838EAC}.Release|Mixed Platforms.Build.0 = Release|Any CPU
		{CC6F35DD-FA26-445D-8FDF-2DBD89838EAC}.Release|x86.ActiveCfg = Release|Any CPU
		{9DE0ABC9-9737-4B08-88B9-2335A8347B5E}.Debug|Any CPU.ActiveCfg = Debug|Any CPU
		{9DE0ABC9-9737-4B08-88B9-2335A8347B5E}.Debug|Any CPU.Build.0 = Debug|Any CPU
		{9DE0ABC9-9737-4B08-88B9-2335A8347B5E}.Debug|Mixed Platforms.ActiveCfg = Debug|Any CPU
		{9DE0ABC9-9737-4B08-88B9-2335A8347B5E}.Debug|Mixed Platforms.Build.0 = Debug|Any CPU
		{9DE0ABC9-9737-4B08-88B9-2335A8347B5E}.Debug|x86.ActiveCfg = Debug|Any CPU
		{9DE0ABC9-9737-4B08-88B9-2335A8347B5E}.Release|Any CPU.ActiveCfg = Release|Any CPU
		{9DE0ABC9-9737-4B08-88B9-2335A8347B5E}.Release|Any CPU.Build.0 = Release|Any CPU
		{9DE0ABC9-9737-4B08-88B9-2335A8347B5E}.Release|Mixed Platforms.ActiveCfg = Release|Any CPU
		{9DE0ABC9-9737-4B08-88B9-2335A8347B5E}.Release|Mixed Platforms.Build.0 = Release|Any CPU
		{9DE0ABC9-9737-4B08-88B9-2335A8347B5E}.Release|x86.ActiveCfg = Release|Any CPU
		{673F41CB-03E4-4C43-AD5D-D976D58485CF}.Debug|Any CPU.ActiveCfg = Debug|x86
		{673F41CB-03E4-4C43-AD5D-D976D58485CF}.Debug|Mixed Platforms.ActiveCfg = Debug|x86
		{673F41CB-03E4-4C43-AD5D-D976D58485CF}.Debug|Mixed Platforms.Build.0 = Debug|x86
		{673F41CB-03E4-4C43-AD5D-D976D58485CF}.Debug|x86.ActiveCfg = Debug|x86
		{673F41CB-03E4-4C43-AD5D-D976D58485CF}.Debug|x86.Build.0 = Debug|x86
		{673F41CB-03E4-4C43-AD5D-D976D58485CF}.Release|Any CPU.ActiveCfg = Release|x86
		{673F41CB-03E4-4C43-AD5D-D976D58485CF}.Release|Mixed Platforms.ActiveCfg = Release|x86
		{673F41CB-03E4-4C43-AD5D-D976D58485CF}.Release|Mixed Platforms.Build.0 = Release|x86
		{673F41CB-03E4-4C43-AD5D-D976D58485CF}.Release|x86.ActiveCfg = Release|x86
		{673F41CB-03E4-4C43-AD5D-D976D58485CF}.Release|x86.Build.0 = Release|x86
	EndGlobalSection
	GlobalSection(SolutionProperties) = preSolution
		HideSolutionNode = FALSE
	EndGlobalSection
EndGlobal
